
Microsoft Visual Studio Solution File, Format Version 12.00
# Visual Studio 15
VisualStudioVersion = 15.0.27130.2027
MinimumVisualStudioVersion = 10.0.40219.1
Project("{FAE04EC0-301F-11D3-BF4B-00C04F79EFBC}") = "DynamicProxy.StandardLibrary", "DynamicProxy.StandardLibrary\DynamicProxy.StandardLibrary.csproj", "{6DC0A5AD-4978-4824-8F55-913586782678}"
EndProject
Project("{FAE04EC0-301F-11D3-BF4B-00C04F79EFBC}") = "DynamicProxy.ConsoleApp", "DynamicProxy.ConsoleApp\DynamicProxy.ConsoleApp.csproj", "{D04C644C-3AB8-4BF6-8EF8-D24C9223D868}"
EndProject
Global
	GlobalSection(SolutionConfigurationPlatforms) = preSolution
		Debug|Any CPU = Debug|Any CPU
		Release|Any CPU = Release|Any CPU
	EndGlobalSection
	GlobalSection(ProjectConfigurationPlatforms) = postSolution
		{6DC0A5AD-4978-4824-8F55-913586782678}.Debug|Any CPU.ActiveCfg = Debug|Any CPU
		{6DC0A5AD-4978-4824-8F55-913586782678}.Debug|Any CPU.Build.0 = Debug|Any CPU
		{6DC0A5AD-4978-4824-8F55-913586782678}.Release|Any CPU.ActiveCfg = Release|Any CPU
		{6DC0A5AD-4978-4824-8F55-913586782678}.Release|Any CPU.Build.0 = Release|Any CPU
		{D04C644C-3AB8-4BF6-8EF8-D24C9223D868}.Debug|Any CPU.ActiveCfg = Debug|Any CPU
		{D04C644C-3AB8-4BF6-8EF8-D24C9223D868}.Debug|Any CPU.Build.0 = Debug|Any CPU
		{D04C644C-3AB8-4BF6-8EF8-D24C9223D868}.Release|Any CPU.ActiveCfg = Release|Any CPU
		{D04C644C-3AB8-4BF6-8EF8-D24C9223D868}.Release|Any CPU.Build.0 = Release|Any CPU
	EndGlobalSection
	GlobalSection(SolutionProperties) = preSolution
		HideSolutionNode = FALSE
	EndGlobalSection
	GlobalSection(ExtensibilityGlobals) = postSolution
		SolutionGuid = {104C4852-5BD0-4EF2-9132-79E0772079A2}
	EndGlobalSection
EndGlobal
